// !$*UTF8*$!
{
	archiveVersion = 1;
	classes = {
	};
	objectVersion = 50;
	objects = {

/* Begin PBXBuildFile section */
		27DF2BE250D54F7F812E0C40 /* Pods_LastFM_Search.framework in Frameworks */ = {isa = PBXBuildFile; fileRef = E5C7B481770A1FEC0018C706 /* Pods_LastFM_Search.framework */; };
		6E7945C121BEF0AE001295F1 /* AppDelegate.swift in Sources */ = {isa = PBXBuildFile; fileRef = 6E7945C021BEF0AE001295F1 /* AppDelegate.swift */; };
		6E7945C621BEF0AE001295F1 /* Main.storyboard in Resources */ = {isa = PBXBuildFile; fileRef = 6E7945C421BEF0AE001295F1 /* Main.storyboard */; };
		6E7945C821BEF0B6001295F1 /* Assets.xcassets in Resources */ = {isa = PBXBuildFile; fileRef = 6E7945C721BEF0B6001295F1 /* Assets.xcassets */; };
		6E7945CB21BEF0B7001295F1 /* LaunchScreen.storyboard in Resources */ = {isa = PBXBuildFile; fileRef = 6E7945C921BEF0B7001295F1 /* LaunchScreen.storyboard */; };
		6E7945D621BEF0B7001295F1 /* LastFM_SearchTests.swift in Sources */ = {isa = PBXBuildFile; fileRef = 6E7945D521BEF0B7001295F1 /* LastFM_SearchTests.swift */; };
		6E7945E621BEF3C7001295F1 /* DashboardSeachViewController.swift in Sources */ = {isa = PBXBuildFile; fileRef = 6E7945E521BEF3C7001295F1 /* DashboardSeachViewController.swift */; };
		6E7945E821BEF51E001295F1 /* HeaderCollectionReusableView.swift in Sources */ = {isa = PBXBuildFile; fileRef = 6E7945E721BEF51E001295F1 /* HeaderCollectionReusableView.swift */; };
		6E7945EB21BEF5A1001295F1 /* MediaCollectionViewCell.swift in Sources */ = {isa = PBXBuildFile; fileRef = 6E7945EA21BEF5A1001295F1 /* MediaCollectionViewCell.swift */; };
		6E7945ED21BEF761001295F1 /* NetworkServices.swift in Sources */ = {isa = PBXBuildFile; fileRef = 6E7945EC21BEF761001295F1 /* NetworkServices.swift */; };
		6E7945F221BEF7C7001295F1 /* AlbumSearch.swift in Sources */ = {isa = PBXBuildFile; fileRef = 6E7945F121BEF7C7001295F1 /* AlbumSearch.swift */; };
		6E7945F421BEF7ED001295F1 /* Album.swift in Sources */ = {isa = PBXBuildFile; fileRef = 6E7945F321BEF7ED001295F1 /* Album.swift */; };
		6E7945F621BEF815001295F1 /* ImageItem.swift in Sources */ = {isa = PBXBuildFile; fileRef = 6E7945F521BEF815001295F1 /* ImageItem.swift */; };
		6E7945F821BEF8BC001295F1 /* ArtistSearch.swift in Sources */ = {isa = PBXBuildFile; fileRef = 6E7945F721BEF8BC001295F1 /* ArtistSearch.swift */; };
		6E7945FA21BEF8DE001295F1 /* Artist.swift in Sources */ = {isa = PBXBuildFile; fileRef = 6E7945F921BEF8DE001295F1 /* Artist.swift */; };
		6E7945FC21BEF903001295F1 /* Song.swift in Sources */ = {isa = PBXBuildFile; fileRef = 6E7945FB21BEF903001295F1 /* Song.swift */; };
		6E7945FE21BEF919001295F1 /* SongSearch.swift in Sources */ = {isa = PBXBuildFile; fileRef = 6E7945FD21BEF919001295F1 /* SongSearch.swift */; };
		C70443F258FEEA3262A5E9BC /* Pods_LastFM_SearchTests.framework in Frameworks */ = {isa = PBXBuildFile; fileRef = F6FECD3ECCA4AE5D66B4D940 /* Pods_LastFM_SearchTests.framework */; };
/* End PBXBuildFile section */

/* Begin PBXContainerItemProxy section */
		6E7945D221BEF0B7001295F1 /* PBXContainerItemProxy */ = {
			isa = PBXContainerItemProxy;
			containerPortal = 6E7945B521BEF0AE001295F1 /* Project object */;
			proxyType = 1;
			remoteGlobalIDString = 6E7945BC21BEF0AE001295F1;
			remoteInfo = "LastFM Search";
		};
/* End PBXContainerItemProxy section */

/* Begin PBXFileReference section */
		04409CDD1ADA08333BC82A4B /* Pods-LastFM Search.debug.xcconfig */ = {isa = PBXFileReference; includeInIndex = 1; lastKnownFileType = text.xcconfig; name = "Pods-LastFM Search.debug.xcconfig"; path = "Pods/Target Support Files/Pods-LastFM Search/Pods-LastFM Search.debug.xcconfig"; sourceTree = "<group>"; };
		62110944CB52FC95CB563933 /* Pods-LastFM SearchTests.debug.xcconfig */ = {isa = PBXFileReference; includeInIndex = 1; lastKnownFileType = text.xcconfig; name = "Pods-LastFM SearchTests.debug.xcconfig"; path = "Pods/Target Support Files/Pods-LastFM SearchTests/Pods-LastFM SearchTests.debug.xcconfig"; sourceTree = "<group>"; };
		6E7945BD21BEF0AE001295F1 /* LastFM Search.app */ = {isa = PBXFileReference; explicitFileType = wrapper.application; includeInIndex = 0; path = "LastFM Search.app"; sourceTree = BUILT_PRODUCTS_DIR; };
		6E7945C021BEF0AE001295F1 /* AppDelegate.swift */ = {isa = PBXFileReference; lastKnownFileType = sourcecode.swift; path = AppDelegate.swift; sourceTree = "<group>"; };
		6E7945C521BEF0AE001295F1 /* Base */ = {isa = PBXFileReference; lastKnownFileType = file.storyboard; name = Base; path = Base.lproj/Main.storyboard; sourceTree = "<group>"; };
		6E7945C721BEF0B6001295F1 /* Assets.xcassets */ = {isa = PBXFileReference; lastKnownFileType = folder.assetcatalog; path = Assets.xcassets; sourceTree = "<group>"; };
		6E7945CA21BEF0B7001295F1 /* Base */ = {isa = PBXFileReference; lastKnownFileType = file.storyboard; name = Base; path = Base.lproj/LaunchScreen.storyboard; sourceTree = "<group>"; };
		6E7945CC21BEF0B7001295F1 /* Info.plist */ = {isa = PBXFileReference; lastKnownFileType = text.plist.xml; path = Info.plist; sourceTree = "<group>"; };
		6E7945D121BEF0B7001295F1 /* LastFM SearchTests.xctest */ = {isa = PBXFileReference; explicitFileType = wrapper.cfbundle; includeInIndex = 0; path = "LastFM SearchTests.xctest"; sourceTree = BUILT_PRODUCTS_DIR; };
		6E7945D521BEF0B7001295F1 /* LastFM_SearchTests.swift */ = {isa = PBXFileReference; lastKnownFileType = sourcecode.swift; path = LastFM_SearchTests.swift; sourceTree = "<group>"; };
		6E7945D721BEF0B7001295F1 /* Info.plist */ = {isa = PBXFileReference; lastKnownFileType = text.plist.xml; path = Info.plist; sourceTree = "<group>"; };
		6E7945E521BEF3C7001295F1 /* DashboardSeachViewController.swift */ = {isa = PBXFileReference; lastKnownFileType = sourcecode.swift; path = DashboardSeachViewController.swift; sourceTree = "<group>"; };
		6E7945E721BEF51E001295F1 /* HeaderCollectionReusableView.swift */ = {isa = PBXFileReference; lastKnownFileType = sourcecode.swift; path = HeaderCollectionReusableView.swift; sourceTree = "<group>"; };
		6E7945EA21BEF5A1001295F1 /* MediaCollectionViewCell.swift */ = {isa = PBXFileReference; lastKnownFileType = sourcecode.swift; path = MediaCollectionViewCell.swift; sourceTree = "<group>"; };
		6E7945EC21BEF761001295F1 /* NetworkServices.swift */ = {isa = PBXFileReference; lastKnownFileType = sourcecode.swift; path = NetworkServices.swift; sourceTree = "<group>"; };
		6E7945F121BEF7C7001295F1 /* AlbumSearch.swift */ = {isa = PBXFileReference; lastKnownFileType = sourcecode.swift; path = AlbumSearch.swift; sourceTree = "<group>"; };
		6E7945F321BEF7ED001295F1 /* Album.swift */ = {isa = PBXFileReference; lastKnownFileType = sourcecode.swift; path = Album.swift; sourceTree = "<group>"; };
		6E7945F521BEF815001295F1 /* ImageItem.swift */ = {isa = PBXFileReference; lastKnownFileType = sourcecode.swift; path = ImageItem.swift; sourceTree = "<group>"; };
		6E7945F721BEF8BC001295F1 /* ArtistSearch.swift */ = {isa = PBXFileReference; lastKnownFileType = sourcecode.swift; path = ArtistSearch.swift; sourceTree = "<group>"; };
		6E7945F921BEF8DE001295F1 /* Artist.swift */ = {isa = PBXFileReference; lastKnownFileType = sourcecode.swift; path = Artist.swift; sourceTree = "<group>"; };
		6E7945FB21BEF903001295F1 /* Song.swift */ = {isa = PBXFileReference; lastKnownFileType = sourcecode.swift; path = Song.swift; sourceTree = "<group>"; };
		6E7945FD21BEF919001295F1 /* SongSearch.swift */ = {isa = PBXFileReference; lastKnownFileType = sourcecode.swift; path = SongSearch.swift; sourceTree = "<group>"; };
		8EA23115795EE4BBE74F5CF2 /* Pods-LastFM Search.release.xcconfig */ = {isa = PBXFileReference; includeInIndex = 1; lastKnownFileType = text.xcconfig; name = "Pods-LastFM Search.release.xcconfig"; path = "Pods/Target Support Files/Pods-LastFM Search/Pods-LastFM Search.release.xcconfig"; sourceTree = "<group>"; };
		B21640587F35AB176B05FEEF /* Pods-LastFM SearchTests.release.xcconfig */ = {isa = PBXFileReference; includeInIndex = 1; lastKnownFileType = text.xcconfig; name = "Pods-LastFM SearchTests.release.xcconfig"; path = "Pods/Target Support Files/Pods-LastFM SearchTests/Pods-LastFM SearchTests.release.xcconfig"; sourceTree = "<group>"; };
		E5C7B481770A1FEC0018C706 /* Pods_LastFM_Search.framework */ = {isa = PBXFileReference; explicitFileType = wrapper.framework; includeInIndex = 0; path = Pods_LastFM_Search.framework; sourceTree = BUILT_PRODUCTS_DIR; };
		F6FECD3ECCA4AE5D66B4D940 /* Pods_LastFM_SearchTests.framework */ = {isa = PBXFileReference; explicitFileType = wrapper.framework; includeInIndex = 0; path = Pods_LastFM_SearchTests.framework; sourceTree = BUILT_PRODUCTS_DIR; };
/* End PBXFileReference section */

/* Begin PBXFrameworksBuildPhase section */
		6E7945BA21BEF0AE001295F1 /* Frameworks */ = {
			isa = PBXFrameworksBuildPhase;
			buildActionMask = 2147483647;
			files = (
				27DF2BE250D54F7F812E0C40 /* Pods_LastFM_Search.framework in Frameworks */,
			);
			runOnlyForDeploymentPostprocessing = 0;
		};
		6E7945CE21BEF0B7001295F1 /* Frameworks */ = {
			isa = PBXFrameworksBuildPhase;
			buildActionMask = 2147483647;
			files = (
				C70443F258FEEA3262A5E9BC /* Pods_LastFM_SearchTests.framework in Frameworks */,
			);
			runOnlyForDeploymentPostprocessing = 0;
		};
/* End PBXFrameworksBuildPhase section */

/* Begin PBXGroup section */
		3101B3CBC24134A44B7091F5 /* Pods */ = {
			isa = PBXGroup;
			children = (
				04409CDD1ADA08333BC82A4B /* Pods-LastFM Search.debug.xcconfig */,
				8EA23115795EE4BBE74F5CF2 /* Pods-LastFM Search.release.xcconfig */,
				62110944CB52FC95CB563933 /* Pods-LastFM SearchTests.debug.xcconfig */,
				B21640587F35AB176B05FEEF /* Pods-LastFM SearchTests.release.xcconfig */,
			);
			name = Pods;
			sourceTree = "<group>";
		};
		6E7945B421BEF0AE001295F1 = {
			isa = PBXGroup;
			children = (
				6E7945BF21BEF0AE001295F1 /* LastFM Search */,
				6E7945D421BEF0B7001295F1 /* LastFM SearchTests */,
				6E7945BE21BEF0AE001295F1 /* Products */,
				3101B3CBC24134A44B7091F5 /* Pods */,
				79B07ADF1C61119E0B1856DB /* Frameworks */,
			);
			sourceTree = "<group>";
		};
		6E7945BE21BEF0AE001295F1 /* Products */ = {
			isa = PBXGroup;
			children = (
				6E7945BD21BEF0AE001295F1 /* LastFM Search.app */,
				6E7945D121BEF0B7001295F1 /* LastFM SearchTests.xctest */,
			);
			name = Products;
			sourceTree = "<group>";
		};
		6E7945BF21BEF0AE001295F1 /* LastFM Search */ = {
			isa = PBXGroup;
			children = (
				6E7945E421BEF346001295F1 /* Network Handler */,
				6E7945E221BEF315001295F1 /* View Controllers */,
				6E7945E321BEF32E001295F1 /* Views */,
				6E7945E121BEF2EE001295F1 /* Models */,
				6E7945E021BEF106001295F1 /* Configuration */,
				6E7945C721BEF0B6001295F1 /* Assets.xcassets */,
			);
			path = "LastFM Search";
			sourceTree = "<group>";
		};
		6E7945D421BEF0B7001295F1 /* LastFM SearchTests */ = {
			isa = PBXGroup;
			children = (
				6E7945D521BEF0B7001295F1 /* LastFM_SearchTests.swift */,
				6E7945D721BEF0B7001295F1 /* Info.plist */,
			);
			path = "LastFM SearchTests";
			sourceTree = "<group>";
		};
		6E7945E021BEF106001295F1 /* Configuration */ = {
			isa = PBXGroup;
			children = (
				6E7945C021BEF0AE001295F1 /* AppDelegate.swift */,
				6E7945C921BEF0B7001295F1 /* LaunchScreen.storyboard */,
				6E7945CC21BEF0B7001295F1 /* Info.plist */,
			);
			name = Configuration;
			sourceTree = "<group>";
		};
		6E7945E121BEF2EE001295F1 /* Models */ = {
			isa = PBXGroup;
			children = (
				6E7945F521BEF815001295F1 /* ImageItem.swift */,
				6E7945EE21BEF78F001295F1 /* Album */,
				6E7945EF21BEF79C001295F1 /* Artist */,
				6E7945F021BEF7A3001295F1 /* Song */,
			);
			path = Models;
			sourceTree = "<group>";
		};
		6E7945E221BEF315001295F1 /* View Controllers */ = {
			isa = PBXGroup;
			children = (
				6E7945E521BEF3C7001295F1 /* DashboardSeachViewController.swift */,
			);
			path = "View Controllers";
			sourceTree = "<group>";
		};
		6E7945E321BEF32E001295F1 /* Views */ = {
			isa = PBXGroup;
			children = (
				6E7945C421BEF0AE001295F1 /* Main.storyboard */,
				6E7945E921BEF569001295F1 /* Cells */,
			);
			path = Views;
			sourceTree = "<group>";
		};
		6E7945E421BEF346001295F1 /* Network Handler */ = {
			isa = PBXGroup;
			children = (
				6E7945EC21BEF761001295F1 /* NetworkServices.swift */,
			);
			path = "Network Handler";
			sourceTree = "<group>";
		};
		6E7945E921BEF569001295F1 /* Cells */ = {
			isa = PBXGroup;
			children = (
				6E7945E721BEF51E001295F1 /* HeaderCollectionReusableView.swift */,
				6E7945EA21BEF5A1001295F1 /* MediaCollectionViewCell.swift */,
			);
			path = Cells;
			sourceTree = "<group>";
		};
		6E7945EE21BEF78F001295F1 /* Album */ = {
			isa = PBXGroup;
			children = (
				6E7945F321BEF7ED001295F1 /* Album.swift */,
				6E7945F121BEF7C7001295F1 /* AlbumSearch.swift */,
			);
			path = Album;
			sourceTree = "<group>";
		};
		6E7945EF21BEF79C001295F1 /* Artist */ = {
			isa = PBXGroup;
			children = (
				6E7945F921BEF8DE001295F1 /* Artist.swift */,
				6E7945F721BEF8BC001295F1 /* ArtistSearch.swift */,
			);
			path = Artist;
			sourceTree = "<group>";
		};
		6E7945F021BEF7A3001295F1 /* Song */ = {
			isa = PBXGroup;
			children = (
				6E7945FB21BEF903001295F1 /* Song.swift */,
				6E7945FD21BEF919001295F1 /* SongSearch.swift */,
			);
			path = Song;
			sourceTree = "<group>";
		};
		79B07ADF1C61119E0B1856DB /* Frameworks */ = {
			isa = PBXGroup;
			children = (
				E5C7B481770A1FEC0018C706 /* Pods_LastFM_Search.framework */,
				F6FECD3ECCA4AE5D66B4D940 /* Pods_LastFM_SearchTests.framework */,
			);
			name = Frameworks;
			sourceTree = "<group>";
		};
/* End PBXGroup section */

/* Begin PBXNativeTarget section */
		6E7945BC21BEF0AE001295F1 /* LastFM Search */ = {
			isa = PBXNativeTarget;
			buildConfigurationList = 6E7945DA21BEF0B7001295F1 /* Build configuration list for PBXNativeTarget "LastFM Search" */;
			buildPhases = (
				21B2280DA4F9E8E2B32D3D7C /* [CP] Check Pods Manifest.lock */,
				6E7945B921BEF0AE001295F1 /* Sources */,
				6E7945BA21BEF0AE001295F1 /* Frameworks */,
				6E7945BB21BEF0AE001295F1 /* Resources */,
				2D584764741DD2433E13B333 /* [CP] Embed Pods Frameworks */,
			);
			buildRules = (
			);
			dependencies = (
			);
			name = "LastFM Search";
			productName = "LastFM Search";
			productReference = 6E7945BD21BEF0AE001295F1 /* LastFM Search.app */;
			productType = "com.apple.product-type.application";
		};
		6E7945D021BEF0B7001295F1 /* LastFM SearchTests */ = {
			isa = PBXNativeTarget;
			buildConfigurationList = 6E7945DD21BEF0B7001295F1 /* Build configuration list for PBXNativeTarget "LastFM SearchTests" */;
			buildPhases = (
				1D599B4CA86DE7E529D4D4AC /* [CP] Check Pods Manifest.lock */,
				6E7945CD21BEF0B7001295F1 /* Sources */,
				6E7945CE21BEF0B7001295F1 /* Frameworks */,
				6E7945CF21BEF0B7001295F1 /* Resources */,
			);
			buildRules = (
			);
			dependencies = (
				6E7945D321BEF0B7001295F1 /* PBXTargetDependency */,
			);
			name = "LastFM SearchTests";
			productName = "LastFM SearchTests";
			productReference = 6E7945D121BEF0B7001295F1 /* LastFM SearchTests.xctest */;
			productType = "com.apple.product-type.bundle.unit-test";
		};
/* End PBXNativeTarget section */

/* Begin PBXProject section */
		6E7945B521BEF0AE001295F1 /* Project object */ = {
			isa = PBXProject;
			attributes = {
				LastSwiftUpdateCheck = 1010;
				LastUpgradeCheck = 1010;
				ORGANIZATIONNAME = Haresh;
				TargetAttributes = {
					6E7945BC21BEF0AE001295F1 = {
						CreatedOnToolsVersion = 10.1;
					};
					6E7945D021BEF0B7001295F1 = {
						CreatedOnToolsVersion = 10.1;
						TestTargetID = 6E7945BC21BEF0AE001295F1;
					};
				};
			};
			buildConfigurationList = 6E7945B821BEF0AE001295F1 /* Build configuration list for PBXProject "LastFM Search" */;
			compatibilityVersion = "Xcode 9.3";
			developmentRegion = en;
			hasScannedForEncodings = 0;
			knownRegions = (
				en,
				Base,
			);
			mainGroup = 6E7945B421BEF0AE001295F1;
			productRefGroup = 6E7945BE21BEF0AE001295F1 /* Products */;
			projectDirPath = "";
			projectRoot = "";
			targets = (
				6E7945BC21BEF0AE001295F1 /* LastFM Search */,
				6E7945D021BEF0B7001295F1 /* LastFM SearchTests */,
			);
		};
/* End PBXProject section */

/* Begin PBXResourcesBuildPhase section */
		6E7945BB21BEF0AE001295F1 /* Resources */ = {
			isa = PBXResourcesBuildPhase;
			buildActionMask = 2147483647;
			files = (
				6E7945CB21BEF0B7001295F1 /* LaunchScreen.storyboard in Resources */,
				6E7945C821BEF0B6001295F1 /* Assets.xcassets in Resources */,
				6E7945C621BEF0AE001295F1 /* Main.storyboard in Resources */,
			);
			runOnlyForDeploymentPostprocessing = 0;
		};
		6E7945CF21BEF0B7001295F1 /* Resources */ = {
			isa = PBXResourcesBuildPhase;
			buildActionMask = 2147483647;
			files = (
			);
			runOnlyForDeploymentPostprocessing = 0;
		};
/* End PBXResourcesBuildPhase section */

/* Begin PBXShellScriptBuildPhase section */
		1D599B4CA86DE7E529D4D4AC /* [CP] Check Pods Manifest.lock */ = {
			isa = PBXShellScriptBuildPhase;
			buildActionMask = 2147483647;
			files = (
			);
			inputFileListPaths = (
			);
			inputPaths = (
				"${PODS_PODFILE_DIR_PATH}/Podfile.lock",
				"${PODS_ROOT}/Manifest.lock",
			);
			name = "[CP] Check Pods Manifest.lock";
			outputFileListPaths = (
			);
			outputPaths = (
				"$(DERIVED_FILE_DIR)/Pods-LastFM SearchTests-checkManifestLockResult.txt",
			);
			runOnlyForDeploymentPostprocessing = 0;
			shellPath = /bin/sh;
			shellScript = "diff \"${PODS_PODFILE_DIR_PATH}/Podfile.lock\" \"${PODS_ROOT}/Manifest.lock\" > /dev/null\nif [ $? != 0 ] ; then\n    # print error to STDERR\n    echo \"error: The sandbox is not in sync with the Podfile.lock. Run 'pod install' or update your CocoaPods installation.\" >&2\n    exit 1\nfi\n# This output is used by Xcode 'outputs' to avoid re-running this script phase.\necho \"SUCCESS\" > \"${SCRIPT_OUTPUT_FILE_0}\"\n";
			showEnvVarsInLog = 0;
		};
		21B2280DA4F9E8E2B32D3D7C /* [CP] Check Pods Manifest.lock */ = {
			isa = PBXShellScriptBuildPhase;
			buildActionMask = 2147483647;
			files = (
			);
			inputFileListPaths = (
			);
			inputPaths = (
				"${PODS_PODFILE_DIR_PATH}/Podfile.lock",
				"${PODS_ROOT}/Manifest.lock",
			);
			name = "[CP] Check Pods Manifest.lock";
			outputFileListPaths = (
			);
			outputPaths = (
				"$(DERIVED_FILE_DIR)/Pods-LastFM Search-checkManifestLockResult.txt",
			);
			runOnlyForDeploymentPostprocessing = 0;
			shellPath = /bin/sh;
			shellScript = "diff \"${PODS_PODFILE_DIR_PATH}/Podfile.lock\" \"${PODS_ROOT}/Manifest.lock\" > /dev/null\nif [ $? != 0 ] ; then\n    # print error to STDERR\n    echo \"error: The sandbox is not in sync with the Podfile.lock. Run 'pod install' or update your CocoaPods installation.\" >&2\n    exit 1\nfi\n# This output is used by Xcode 'outputs' to avoid re-running this script phase.\necho \"SUCCESS\" > \"${SCRIPT_OUTPUT_FILE_0}\"\n";
			showEnvVarsInLog = 0;
		};
		2D584764741DD2433E13B333 /* [CP] Embed Pods Frameworks */ = {
			isa = PBXShellScriptBuildPhase;
			buildActionMask = 2147483647;
			files = (
			);
			inputFileListPaths = (
			);
			inputPaths = (
				"${SRCROOT}/Pods/Target Support Files/Pods-LastFM Search/Pods-LastFM Search-frameworks.sh",
				"${BUILT_PRODUCTS_DIR}/Alamofire/Alamofire.framework",
				"${BUILT_PRODUCTS_DIR}/AlamofireImage/AlamofireImage.framework",
			);
			name = "[CP] Embed Pods Frameworks";
			outputFileListPaths = (
			);
			outputPaths = (
				"${TARGET_BUILD_DIR}/${FRAMEWORKS_FOLDER_PATH}/Alamofire.framework",
				"${TARGET_BUILD_DIR}/${FRAMEWORKS_FOLDER_PATH}/AlamofireImage.framework",
			);
			runOnlyForDeploymentPostprocessing = 0;
			shellPath = /bin/sh;
			shellScript = "\"${SRCROOT}/Pods/Target Support Files/Pods-LastFM Search/Pods-LastFM Search-frameworks.sh\"\n";
			showEnvVarsInLog = 0;
		};
/* End PBXShellScriptBuildPhase section */

/* Begin PBXSourcesBuildPhase section */
		6E7945B921BEF0AE001295F1 /* Sources */ = {
			isa = PBXSourcesBuildPhase;
			buildActionMask = 2147483647;
			files = (
				6E7945FE21BEF919001295F1 /* SongSearch.swift in Sources */,
				6E7945ED21BEF761001295F1 /* NetworkServices.swift in Sources */,
				6E7945E621BEF3C7001295F1 /* DashboardSeachViewController.swift in Sources */,
				6E7945E821BEF51E001295F1 /* HeaderCollectionReusableView.swift in Sources */,
				6E7945C121BEF0AE001295F1 /* AppDelegate.swift in Sources */,
				6E7945F621BEF815001295F1 /* ImageItem.swift in Sources */,
				6E7945FC21BEF903001295F1 /* Song.swift in Sources */,
				6E7945EB21BEF5A1001295F1 /* MediaCollectionViewCell.swift in Sources */,
				6E7945F421BEF7ED001295F1 /* Album.swift in Sources */,
				6E7945F821BEF8BC001295F1 /* ArtistSearch.swift in Sources */,
				6E7945FA21BEF8DE001295F1 /* Artist.swift in Sources */,
				6E7945F221BEF7C7001295F1 /* AlbumSearch.swift in Sources */,
			);
			runOnlyForDeploymentPostprocessing = 0;
		};
		6E7945CD21BEF0B7001295F1 /* Sources */ = {
			isa = PBXSourcesBuildPhase;
			buildActionMask = 2147483647;
			files = (
				6E7945D621BEF0B7001295F1 /* LastFM_SearchTests.swift in Sources */,
			);
			runOnlyForDeploymentPostprocessing = 0;
		};
/* End PBXSourcesBuildPhase section */

/* Begin PBXTargetDependency section */
		6E7945D321BEF0B7001295F1 /* PBXTargetDependency */ = {
			isa = PBXTargetDependency;
			target = 6E7945BC21BEF0AE001295F1 /* LastFM Search */;
			targetProxy = 6E7945D221BEF0B7001295F1 /* PBXContainerItemProxy */;
		};
/* End PBXTargetDependency section */

/* Begin PBXVariantGroup section */
		6E7945C421BEF0AE001295F1 /* Main.storyboard */ = {
			isa = PBXVariantGroup;
			children = (
				6E7945C521BEF0AE001295F1 /* Base */,
			);
			name = Main.storyboard;
			sourceTree = "<group>";
		};
		6E7945C921BEF0B7001295F1 /* LaunchScreen.storyboard */ = {
			isa = PBXVariantGroup;
			children = (
				6E7945CA21BEF0B7001295F1 /* Base */,
			);
			name = LaunchScreen.storyboard;
			sourceTree = "<group>";
		};
/* End PBXVariantGroup section */

/* Begin XCBuildConfiguration section */
		6E7945D821BEF0B7001295F1 /* Debug */ = {
			isa = XCBuildConfiguration;
			buildSettings = {
				ALWAYS_SEARCH_USER_PATHS = NO;
				CLANG_ANALYZER_NONNULL = YES;
				CLANG_ANALYZER_NUMBER_OBJECT_CONVERSION = YES_AGGRESSIVE;
				CLANG_CXX_LANGUAGE_STANDARD = "gnu++14";
				CLANG_CXX_LIBRARY = "libc++";
				CLANG_ENABLE_MODULES = YES;
				CLANG_ENABLE_OBJC_ARC = YES;
				CLANG_ENABLE_OBJC_WEAK = YES;
				CLANG_WARN_BLOCK_CAPTURE_AUTORELEASING = YES;
				CLANG_WARN_BOOL_CONVERSION = YES;
				CLANG_WARN_COMMA = YES;
				CLANG_WARN_CONSTANT_CONVERSION = YES;
				CLANG_WARN_DEPRECATED_OBJC_IMPLEMENTATIONS = YES;
				CLANG_WARN_DIRECT_OBJC_ISA_USAGE = YES_ERROR;
				CLANG_WARN_DOCUMENTATION_COMMENTS = YES;
				CLANG_WARN_EMPTY_BODY = YES;
				CLANG_WARN_ENUM_CONVERSION = YES;
				CLANG_WARN_INFINITE_RECURSION = YES;
				CLANG_WARN_INT_CONVERSION = YES;
				CLANG_WARN_NON_LITERAL_NULL_CONVERSION = YES;
				CLANG_WARN_OBJC_IMPLICIT_RETAIN_SELF = YES;
				CLANG_WARN_OBJC_LITERAL_CONVERSION = YES;
				CLANG_WARN_OBJC_ROOT_CLASS = YES_ERROR;
				CLANG_WARN_RANGE_LOOP_ANALYSIS = YES;
				CLANG_WARN_STRICT_PROTOTYPES = YES;
				CLANG_WARN_SUSPICIOUS_MOVE = YES;
				CLANG_WARN_UNGUARDED_AVAILABILITY = YES_AGGRESSIVE;
				CLANG_WARN_UNREACHABLE_CODE = YES;
				CLANG_WARN__DUPLICATE_METHOD_MATCH = YES;
				CODE_SIGN_IDENTITY = "iPhone Developer";
				COPY_PHASE_STRIP = NO;
				DEBUG_INFORMATION_FORMAT = dwarf;
				ENABLE_STRICT_OBJC_MSGSEND = YES;
				ENABLE_TESTABILITY = YES;
				GCC_C_LANGUAGE_STANDARD = gnu11;
				GCC_DYNAMIC_NO_PIC = NO;
				GCC_NO_COMMON_BLOCKS = YES;
				GCC_OPTIMIZATION_LEVEL = 0;
				GCC_PREPROCESSOR_DEFINITIONS = (
					"DEBUG=1",
					"$(inherited)",
				);
				GCC_WARN_64_TO_32_BIT_CONVERSION = YES;
				GCC_WARN_ABOUT_RETURN_TYPE = YES_ERROR;
				GCC_WARN_UNDECLARED_SELECTOR = YES;
				GCC_WARN_UNINITIALIZED_AUTOS = YES_AGGRESSIVE;
				GCC_WARN_UNUSED_FUNCTION = YES;
				GCC_WARN_UNUSED_VARIABLE = YES;
				IPHONEOS_DEPLOYMENT_TARGET = 10.3;
				MTL_ENABLE_DEBUG_INFO = INCLUDE_SOURCE;
				MTL_FAST_MATH = YES;
				ONLY_ACTIVE_ARCH = YES;
				SDKROOT = iphoneos;
				SWIFT_ACTIVE_COMPILATION_CONDITIONS = DEBUG;
				SWIFT_OPTIMIZATION_LEVEL = "-Onone";
			};
			name = Debug;
		};
		6E7945D921BEF0B7001295F1 /* Release */ = {
			isa = XCBuildConfiguration;
			buildSettings = {
				ALWAYS_SEARCH_USER_PATHS = NO;
				CLANG_ANALYZER_NONNULL = YES;
				CLANG_ANALYZER_NUMBER_OBJECT_CONVERSION = YES_AGGRESSIVE;
				CLANG_CXX_LANGUAGE_STANDARD = "gnu++14";
				CLANG_CXX_LIBRARY = "libc++";
				CLANG_ENABLE_MODULES = YES;
				CLANG_ENABLE_OBJC_ARC = YES;
				CLANG_ENABLE_OBJC_WEAK = YES;
				CLANG_WARN_BLOCK_CAPTURE_AUTORELEASING = YES;
				CLANG_WARN_BOOL_CONVERSION = YES;
				CLANG_WARN_COMMA = YES;
				CLANG_WARN_CONSTANT_CONVERSION = YES;
				CLANG_WARN_DEPRECATED_OBJC_IMPLEMENTATIONS = YES;
				CLANG_WARN_DIRECT_OBJC_ISA_USAGE = YES_ERROR;
				CLANG_WARN_DOCUMENTATION_COMMENTS = YES;
				CLANG_WARN_EMPTY_BODY = YES;
				CLANG_WARN_ENUM_CONVERSION = YES;
				CLANG_WARN_INFINITE_RECURSION = YES;
				CLANG_WARN_INT_CONVERSION = YES;
				CLANG_WARN_NON_LITERAL_NULL_CONVERSION = YES;
				CLANG_WARN_OBJC_IMPLICIT_RETAIN_SELF = YES;
				CLANG_WARN_OBJC_LITERAL_CONVERSION = YES;
				CLANG_WARN_OBJC_ROOT_CLASS = YES_ERROR;
				CLANG_WARN_RANGE_LOOP_ANALYSIS = YES;
				CLANG_WARN_STRICT_PROTOTYPES = YES;
				CLANG_WARN_SUSPICIOUS_MOVE = YES;
				CLANG_WARN_UNGUARDED_AVAILABILITY = YES_AGGRESSIVE;
				CLANG_WARN_UNREACHABLE_CODE = YES;
				CLANG_WARN__DUPLICATE_METHOD_MATCH = YES;
				CODE_SIGN_IDENTITY = "iPhone Developer";
				COPY_PHASE_STRIP = NO;
				DEBUG_INFORMATION_FORMAT = "dwarf-with-dsym";
				ENABLE_NS_ASSERTIONS = NO;
				ENABLE_STRICT_OBJC_MSGSEND = YES;
				GCC_C_LANGUAGE_STANDARD = gnu11;
				GCC_NO_COMMON_BLOCKS = YES;
				GCC_WARN_64_TO_32_BIT_CONVERSION = YES;
				GCC_WARN_ABOUT_RETURN_TYPE = YES_ERROR;
				GCC_WARN_UNDECLARED_SELECTOR = YES;
				GCC_WARN_UNINITIALIZED_AUTOS = YES_AGGRESSIVE;
				GCC_WARN_UNUSED_FUNCTION = YES;
				GCC_WARN_UNUSED_VARIABLE = YES;
				IPHONEOS_DEPLOYMENT_TARGET = 10.3;
				MTL_ENABLE_DEBUG_INFO = NO;
				MTL_FAST_MATH = YES;
				SDKROOT = iphoneos;
				SWIFT_COMPILATION_MODE = wholemodule;
				SWIFT_OPTIMIZATION_LEVEL = "-O";
				VALIDATE_PRODUCT = YES;
			};
			name = Release;
		};
		6E7945DB21BEF0B7001295F1 /* Debug */ = {
			isa = XCBuildConfiguration;
			baseConfigurationReference = 04409CDD1ADA08333BC82A4B /* Pods-LastFM Search.debug.xcconfig */;
			buildSettings = {
				ASSETCATALOG_COMPILER_APPICON_NAME = AppIcon;
				CODE_SIGN_STYLE = Automatic;
				INFOPLIST_FILE = "LastFM Search/Info.plist";
				LD_RUNPATH_SEARCH_PATHS = (
					"$(inherited)",
					"@executable_path/Frameworks",
				);
				PRODUCT_BUNDLE_IDENTIFIER = "com.LastFM-Search";
				PRODUCT_NAME = "$(TARGET_NAME)";
				SWIFT_VERSION = 4.2;
				TARGETED_DEVICE_FAMILY = "1,2";
			};
			name = Debug;
		};
		6E7945DC21BEF0B7001295F1 /* Release */ = {
			isa = XCBuildConfiguration;
			baseConfigurationReference = 8EA23115795EE4BBE74F5CF2 /* Pods-LastFM Search.release.xcconfig */;
			buildSettings = {
				ASSETCATALOG_COMPILER_APPICON_NAME = AppIcon;
				CODE_SIGN_STYLE = Automatic;
				INFOPLIST_FILE = "LastFM Search/Info.plist";
				LD_RUNPATH_SEARCH_PATHS = (
					"$(inherited)",
					"@executable_path/Frameworks",
				);
				PRODUCT_BUNDLE_IDENTIFIER = "com.LastFM-Search";
				PRODUCT_NAME = "$(TARGET_NAME)";
				SWIFT_VERSION = 4.2;
				TARGETED_DEVICE_FAMILY = "1,2";
			};
			name = Release;
		};
		6E7945DE21BEF0B7001295F1 /* Debug */ = {
			isa = XCBuildConfiguration;
			baseConfigurationReference = 62110944CB52FC95CB563933 /* Pods-LastFM SearchTests.debug.xcconfig */;
			buildSettings = {
				ALWAYS_EMBED_SWIFT_STANDARD_LIBRARIES = YES;
				BUNDLE_LOADER = "$(TEST_HOST)";
				CODE_SIGN_STYLE = Automatic;
				INFOPLIST_FILE = "LastFM SearchTests/Info.plist";
				LD_RUNPATH_SEARCH_PATHS = (
					"$(inherited)",
					"@executable_path/Frameworks",
					"@loader_path/Frameworks",
				);
				PRODUCT_BUNDLE_IDENTIFIER = "com.LastFM-SearchTests";
				PRODUCT_NAME = "$(TARGET_NAME)";
				SWIFT_VERSION = 4.2;
				TARGETED_DEVICE_FAMILY = "1,2";
				TEST_HOST = "$(BUILT_PRODUCTS_DIR)/LastFM Search.app/LastFM Search";
			};
			name = Debug;
		};
		6E7945DF21BEF0B7001295F1 /* Release */ = {
			isa = XCBuildConfiguration;
			baseConfigurationReference = B21640587F35AB176B05FEEF /* Pods-LastFM SearchTests.release.xcconfig */;
			buildSettings = {
				ALWAYS_EMBED_SWIFT_STANDARD_LIBRARIES = YES;
				BUNDLE_LOADER = "$(TEST_HOST)";
				CODE_SIGN_STYLE = Automatic;
				INFOPLIST_FILE = "LastFM SearchTests/Info.plist";
				LD_RUNPATH_SEARCH_PATHS = (
					"$(inherited)",
					"@executable_path/Frameworks",
					"@loader_path/Frameworks",
				);
				PRODUCT_BUNDLE_IDENTIFIER = "com.LastFM-SearchTests";
				PRODUCT_NAME = "$(TARGET_NAME)";
				SWIFT_VERSION = 4.2;
				TARGETED_DEVICE_FAMILY = "1,2";
				TEST_HOST = "$(BUILT_PRODUCTS_DIR)/LastFM Search.app/LastFM Search";
			};
			name = Release;
		};
/* End XCBuildConfiguration section */

/* Begin XCConfigurationList section */
		6E7945B821BEF0AE001295F1 /* Build configuration list for PBXProject "LastFM Search" */ = {
			isa = XCConfigurationList;
			buildConfigurations = (
				6E7945D821BEF0B7001295F1 /* Debug */,
				6E7945D921BEF0B7001295F1 /* Release */,
			);
			defaultConfigurationIsVisible = 0;
			defaultConfigurationName = Release;
		};
		6E7945DA21BEF0B7001295F1 /* Build configuration list for PBXNativeTarget "LastFM Search" */ = {
			isa = XCConfigurationList;
			buildConfigurations = (
				6E7945DB21BEF0B7001295F1 /* Debug */,
				6E7945DC21BEF0B7001295F1 /* Release */,
			);
			defaultConfigurationIsVisible = 0;
			defaultConfigurationName = Release;
		};
		6E7945DD21BEF0B7001295F1 /* Build configuration list for PBXNativeTarget "LastFM SearchTests" */ = {
			isa = XCConfigurationList;
			buildConfigurations = (
				6E7945DE21BEF0B7001295F1 /* Debug */,
				6E7945DF21BEF0B7001295F1 /* Release */,
			);
			defaultConfigurationIsVisible = 0;
			defaultConfigurationName = Release;
		};
/* End XCConfigurationList section */
	};
	rootObject = 6E7945B521BEF0AE001295F1 /* Project object */;
}
